<Solution>
  <Folder Name="/src/">
    <Project Path="src/Leximi.Api/Leximi.Api.csproj" />
    <Project Path="src/Leximi.Application/Leximi.Application.csproj" />
    <Project Path="src/Leximi.Domain/Leximi.Domain.csproj" />
    <Project Path="src/Leximi.Infrastructure/Leximi.Infrastructure.csproj" />
  </Folder>
  <Folder Name="/tests/">
    <Project Path="tests/Leximi.Tests/Leximi.Tests.csproj" />
  </Folder>
</Solution>
